
Microsoft Visual Studio Solution File, Format Version 12.00
# Visual Studio 2013
VisualStudioVersion = 12.0.31101.0
MinimumVisualStudioVersion = 10.0.40219.1
Project("{FAE04EC0-301F-11D3-BF4B-00C04F79EFBC}") = "lightspeedAccess", "lightspeedAccess\lightspeedAccess.csproj", "{433B0676-D4EA-4E46-8A91-A11F6459453A}"
EndProject
Project("{FAE04EC0-301F-11D3-BF4B-00C04F79EFBC}") = "lightspeedAccessTests", "lightspeedAccessTests\lightspeedAccessTests.csproj", "{EEDDE032-B41E-47C5-9522-93F30F2525C6}"
EndProject
Global
	GlobalSection(SolutionConfigurationPlatforms) = preSolution
		Debug|Any CPU = Debug|Any CPU
		Release|Any CPU = Release|Any CPU
	EndGlobalSection
	GlobalSection(ProjectConfigurationPlatforms) = postSolution
		{433B0676-D4EA-4E46-8A91-A11F6459453A}.Debug|Any CPU.ActiveCfg = Debug|Any CPU
		{433B0676-D4EA-4E46-8A91-A11F6459453A}.Debug|Any CPU.Build.0 = Debug|Any CPU
		{433B0676-D4EA-4E46-8A91-A11F6459453A}.Release|Any CPU.ActiveCfg = Release|Any CPU
		{433B0676-D4EA-4E46-8A91-A11F6459453A}.Release|Any CPU.Build.0 = Release|Any CPU
		{EEDDE032-B41E-47C5-9522-93F30F2525C6}.Debug|Any CPU.ActiveCfg = Debug|Any CPU
		{EEDDE032-B41E-47C5-9522-93F30F2525C6}.Debug|Any CPU.Build.0 = Debug|Any CPU
		{EEDDE032-B41E-47C5-9522-93F30F2525C6}.Release|Any CPU.ActiveCfg = Release|Any CPU
		{EEDDE032-B41E-47C5-9522-93F30F2525C6}.Release|Any CPU.Build.0 = Release|Any CPU
	EndGlobalSection
	GlobalSection(SolutionProperties) = preSolution
		HideSolutionNode = FALSE
	EndGlobalSection
EndGlobal
